
Microsoft Visual Studio Solution File, Format Version 11.00
# Visual Studio 2010
Project("{FAE04EC0-301F-11D3-BF4B-00C04F79EFBC}") = "doctor", "doctor\doctor.csproj", "{38456AD8-EAFD-4ABC-B609-F9FC24E6FD6F}"
EndProject
Global
	GlobalSection(SolutionConfigurationPlatforms) = preSolution
		Debug|Any CPU = Debug|Any CPU
		Release|Any CPU = Release|Any CPU
	EndGlobalSection
	GlobalSection(ProjectConfigurationPlatforms) = postSolution
		{38456AD8-EAFD-4ABC-B609-F9FC24E6FD6F}.Debug|Any CPU.ActiveCfg = Debug|Any CPU
		{38456AD8-EAFD-4ABC-B609-F9FC24E6FD6F}.Debug|Any CPU.Build.0 = Debug|Any CPU
		{38456AD8-EAFD-4ABC-B609-F9FC24E6FD6F}.Release|Any CPU.ActiveCfg = Release|Any CPU
		{38456AD8-EAFD-4ABC-B609-F9FC24E6FD6F}.Release|Any CPU.Build.0 = Release|Any CPU
	EndGlobalSection
	GlobalSection(SolutionProperties) = preSolution
		HideSolutionNode = FALSE
	EndGlobalSection
EndGlobal
